// !$*UTF8*$!
{
	archiveVersion = 1;
	classes = {
	};
	objectVersion = 50;
	objects = {

/* Begin PBXBuildFile section */
		BB70B2E4267FB52500139EA9 /* BMICalcTests.swift in Sources */ = {isa = PBXBuildFile; fileRef = BB70B2E3267FB52500139EA9 /* BMICalcTests.swift */; };
		BBD96C89267E8ADF007F63BC /* AppDelegate.swift in Sources */ = {isa = PBXBuildFile; fileRef = BBD96C88267E8ADF007F63BC /* AppDelegate.swift */; };
		BBD96C90267E8ADF007F63BC /* Main.storyboard in Resources */ = {isa = PBXBuildFile; fileRef = BBD96C8E267E8ADF007F63BC /* Main.storyboard */; };
		BBD96C92267E8AE0007F63BC /* Assets.xcassets in Resources */ = {isa = PBXBuildFile; fileRef = BBD96C91267E8AE0007F63BC /* Assets.xcassets */; };
		BBD96C95267E8AE0007F63BC /* LaunchScreen.storyboard in Resources */ = {isa = PBXBuildFile; fileRef = BBD96C93267E8AE0007F63BC /* LaunchScreen.storyboard */; };
		BBD96C9D267E92A2007F63BC /* BmiViewController.swift in Sources */ = {isa = PBXBuildFile; fileRef = BBD96C9C267E92A2007F63BC /* BmiViewController.swift */; };
		BBD96C9F267E973A007F63BC /* Bmi.swift in Sources */ = {isa = PBXBuildFile; fileRef = BBD96C9E267E973A007F63BC /* Bmi.swift */; };
/* End PBXBuildFile section */

/* Begin PBXContainerItemProxy section */
		BB70B2E6267FB52500139EA9 /* PBXContainerItemProxy */ = {
			isa = PBXContainerItemProxy;
			containerPortal = BBD96C7D267E8ADF007F63BC /* Project object */;
			proxyType = 1;
			remoteGlobalIDString = BBD96C84267E8ADF007F63BC;
			remoteInfo = BMICalc;
		};
/* End PBXContainerItemProxy section */

/* Begin PBXFileReference section */
		BB70B2E1267FB52500139EA9 /* BMICalcTests.xctest */ = {isa = PBXFileReference; explicitFileType = wrapper.cfbundle; includeInIndex = 0; path = BMICalcTests.xctest; sourceTree = BUILT_PRODUCTS_DIR; };
		BB70B2E3267FB52500139EA9 /* BMICalcTests.swift */ = {isa = PBXFileReference; lastKnownFileType = sourcecode.swift; path = BMICalcTests.swift; sourceTree = "<group>"; };
		BB70B2E5267FB52500139EA9 /* Info.plist */ = {isa = PBXFileReference; lastKnownFileType = text.plist.xml; path = Info.plist; sourceTree = "<group>"; };
		BBD96C85267E8ADF007F63BC /* BMICalc.app */ = {isa = PBXFileReference; explicitFileType = wrapper.application; includeInIndex = 0; path = BMICalc.app; sourceTree = BUILT_PRODUCTS_DIR; };
		BBD96C88267E8ADF007F63BC /* AppDelegate.swift */ = {isa = PBXFileReference; lastKnownFileType = sourcecode.swift; path = AppDelegate.swift; sourceTree = "<group>"; };
		BBD96C8F267E8ADF007F63BC /* Base */ = {isa = PBXFileReference; lastKnownFileType = file.storyboard; name = Base; path = Base.lproj/Main.storyboard; sourceTree = "<group>"; };
		BBD96C91267E8AE0007F63BC /* Assets.xcassets */ = {isa = PBXFileReference; lastKnownFileType = folder.assetcatalog; path = Assets.xcassets; sourceTree = "<group>"; };
		BBD96C94267E8AE0007F63BC /* Base */ = {isa = PBXFileReference; lastKnownFileType = file.storyboard; name = Base; path = Base.lproj/LaunchScreen.storyboard; sourceTree = "<group>"; };
		BBD96C96267E8AE0007F63BC /* Info.plist */ = {isa = PBXFileReference; lastKnownFileType = text.plist.xml; path = Info.plist; sourceTree = "<group>"; };
		BBD96C9C267E92A2007F63BC /* BmiViewController.swift */ = {isa = PBXFileReference; lastKnownFileType = sourcecode.swift; path = BmiViewController.swift; sourceTree = "<group>"; };
		BBD96C9E267E973A007F63BC /* Bmi.swift */ = {isa = PBXFileReference; lastKnownFileType = sourcecode.swift; path = Bmi.swift; sourceTree = "<group>"; };
/* End PBXFileReference section */

/* Begin PBXFrameworksBuildPhase section */
		BB70B2DE267FB52500139EA9 /* Frameworks */ = {
			isa = PBXFrameworksBuildPhase;
			buildActionMask = 2147483647;
			files = (
			);
			runOnlyForDeploymentPostprocessing = 0;
		};
		BBD96C82267E8ADF007F63BC /* Frameworks */ = {
			isa = PBXFrameworksBuildPhase;
			buildActionMask = 2147483647;
			files = (
			);
			runOnlyForDeploymentPostprocessing = 0;
		};
/* End PBXFrameworksBuildPhase section */

/* Begin PBXGroup section */
		BB70B2E2267FB52500139EA9 /* BMICalcTests */ = {
			isa = PBXGroup;
			children = (
				BB70B2E3267FB52500139EA9 /* BMICalcTests.swift */,
				BB70B2E5267FB52500139EA9 /* Info.plist */,
			);
			path = BMICalcTests;
			sourceTree = "<group>";
		};
		BBD96C7C267E8ADF007F63BC = {
			isa = PBXGroup;
			children = (
				BBD96C87267E8ADF007F63BC /* BMICalc */,
				BB70B2E2267FB52500139EA9 /* BMICalcTests */,
				BBD96C86267E8ADF007F63BC /* Products */,
			);
			sourceTree = "<group>";
		};
		BBD96C86267E8ADF007F63BC /* Products */ = {
			isa = PBXGroup;
			children = (
				BBD96C85267E8ADF007F63BC /* BMICalc.app */,
				BB70B2E1267FB52500139EA9 /* BMICalcTests.xctest */,
			);
			name = Products;
			sourceTree = "<group>";
		};
		BBD96C87267E8ADF007F63BC /* BMICalc */ = {
			isa = PBXGroup;
			children = (
				BBD96C88267E8ADF007F63BC /* AppDelegate.swift */,
				BBD96C8E267E8ADF007F63BC /* Main.storyboard */,
				BBD96C91267E8AE0007F63BC /* Assets.xcassets */,
				BBD96C93267E8AE0007F63BC /* LaunchScreen.storyboard */,
				BBD96C96267E8AE0007F63BC /* Info.plist */,
				BBD96C9C267E92A2007F63BC /* BmiViewController.swift */,
				BBD96C9E267E973A007F63BC /* Bmi.swift */,
			);
			path = BMICalc;
			sourceTree = "<group>";
		};
/* End PBXGroup section */

/* Begin PBXNativeTarget section */
		BB70B2E0267FB52500139EA9 /* BMICalcTests */ = {
			isa = PBXNativeTarget;
			buildConfigurationList = BB70B2EA267FB52500139EA9 /* Build configuration list for PBXNativeTarget "BMICalcTests" */;
			buildPhases = (
				BB70B2DD267FB52500139EA9 /* Sources */,
				BB70B2DE267FB52500139EA9 /* Frameworks */,
				BB70B2DF267FB52500139EA9 /* Resources */,
			);
			buildRules = (
			);
			dependencies = (
				BB70B2E7267FB52500139EA9 /* PBXTargetDependency */,
			);
			name = BMICalcTests;
			productName = BMICalcTests;
			productReference = BB70B2E1267FB52500139EA9 /* BMICalcTests.xctest */;
			productType = "com.apple.product-type.bundle.unit-test";
		};
		BBD96C84267E8ADF007F63BC /* BMICalc */ = {
			isa = PBXNativeTarget;
			buildConfigurationList = BBD96C99267E8AE0007F63BC /* Build configuration list for PBXNativeTarget "BMICalc" */;
			buildPhases = (
				BBD96C81267E8ADF007F63BC /* Sources */,
				BBD96C82267E8ADF007F63BC /* Frameworks */,
				BBD96C83267E8ADF007F63BC /* Resources */,
			);
			buildRules = (
			);
			dependencies = (
			);
			name = BMICalc;
			productName = BMICalc;
			productReference = BBD96C85267E8ADF007F63BC /* BMICalc.app */;
			productType = "com.apple.product-type.application";
		};
/* End PBXNativeTarget section */

/* Begin PBXProject section */
		BBD96C7D267E8ADF007F63BC /* Project object */ = {
			isa = PBXProject;
			attributes = {
				LastSwiftUpdateCheck = 1250;
				LastUpgradeCheck = 1250;
				TargetAttributes = {
					BB70B2E0267FB52500139EA9 = {
						CreatedOnToolsVersion = 12.5;
						TestTargetID = BBD96C84267E8ADF007F63BC;
					};
					BBD96C84267E8ADF007F63BC = {
						CreatedOnToolsVersion = 12.5;
					};
				};
			};
			buildConfigurationList = BBD96C80267E8ADF007F63BC /* Build configuration list for PBXProject "BMICalc" */;
			compatibilityVersion = "Xcode 9.3";
			developmentRegion = en;
			hasScannedForEncodings = 0;
			knownRegions = (
				en,
				Base,
			);
			mainGroup = BBD96C7C267E8ADF007F63BC;
			productRefGroup = BBD96C86267E8ADF007F63BC /* Products */;
			projectDirPath = "";
			projectRoot = "";
			targets = (
				BBD96C84267E8ADF007F63BC /* BMICalc */,
				BB70B2E0267FB52500139EA9 /* BMICalcTests */,
			);
		};
/* End PBXProject section */

/* Begin PBXResourcesBuildPhase section */
		BB70B2DF267FB52500139EA9 /* Resources */ = {
			isa = PBXResourcesBuildPhase;
			buildActionMask = 2147483647;
			files = (
			);
			runOnlyForDeploymentPostprocessing = 0;
		};
		BBD96C83267E8ADF007F63BC /* Resources */ = {
			isa = PBXResourcesBuildPhase;
			buildActionMask = 2147483647;
			files = (
				BBD96C95267E8AE0007F63BC /* LaunchScreen.storyboard in Resources */,
				BBD96C92267E8AE0007F63BC /* Assets.xcassets in Resources */,
				BBD96C90267E8ADF007F63BC /* Main.storyboard in Resources */,
			);
			runOnlyForDeploymentPostprocessing = 0;
		};
/* End PBXResourcesBuildPhase section */

/* Begin PBXSourcesBuildPhase section */
		BB70B2DD267FB52500139EA9 /* Sources */ = {
			isa = PBXSourcesBuildPhase;
			buildActionMask = 2147483647;
			files = (
				BB70B2E4267FB52500139EA9 /* BMICalcTests.swift in Sources */,
			);
			runOnlyForDeploymentPostprocessing = 0;
		};
		BBD96C81267E8ADF007F63BC /* Sources */ = {
			isa = PBXSourcesBuildPhase;
			buildActionMask = 2147483647;
			files = (
				BBD96C89267E8ADF007F63BC /* AppDelegate.swift in Sources */,
				BBD96C9F267E973A007F63BC /* Bmi.swift in Sources */,
				BBD96C9D267E92A2007F63BC /* BmiViewController.swift in Sources */,
			);
			runOnlyForDeploymentPostprocessing = 0;
		};
/* End PBXSourcesBuildPhase section */

/* Begin PBXTargetDependency section */
		BB70B2E7267FB52500139EA9 /* PBXTargetDependency */ = {
			isa = PBXTargetDependency;
			target = BBD96C84267E8ADF007F63BC /* BMICalc */;
			targetProxy = BB70B2E6267FB52500139EA9 /* PBXContainerItemProxy */;
		};
/* End PBXTargetDependency section */

/* Begin PBXVariantGroup section */
		BBD96C8E267E8ADF007F63BC /* Main.storyboard */ = {
			isa = PBXVariantGroup;
			children = (
				BBD96C8F267E8ADF007F63BC /* Base */,
			);
			name = Main.storyboard;
			sourceTree = "<group>";
		};
		BBD96C93267E8AE0007F63BC /* LaunchScreen.storyboard */ = {
			isa = PBXVariantGroup;
			children = (
				BBD96C94267E8AE0007F63BC /* Base */,
			);
			name = LaunchScreen.storyboard;
			sourceTree = "<group>";
		};
/* End PBXVariantGroup section */

/* Begin XCBuildConfiguration section */
		BB70B2E8267FB52500139EA9 /* Debug */ = {
			isa = XCBuildConfiguration;
			buildSettings = {
				BUNDLE_LOADER = "$(TEST_HOST)";
				CODE_SIGN_STYLE = Automatic;
				DEVELOPMENT_TEAM = ZR4TQ435L4;
				INFOPLIST_FILE = BMICalcTests/Info.plist;
				LD_RUNPATH_SEARCH_PATHS = (
					"$(inherited)",
					"@executable_path/Frameworks",
					"@loader_path/Frameworks",
				);
				PRODUCT_BUNDLE_IDENTIFIER = IlyaZhdaney.BMICalcTests;
				PRODUCT_NAME = "$(TARGET_NAME)";
				SWIFT_VERSION = 5.0;
				TARGETED_DEVICE_FAMILY = "1,2";
				TEST_HOST = "$(BUILT_PRODUCTS_DIR)/BMICalc.app/BMICalc";
			};
			name = Debug;
		};
		BB70B2E9267FB52500139EA9 /* Release */ = {
			isa = XCBuildConfiguration;
			buildSettings = {
				BUNDLE_LOADER = "$(TEST_HOST)";
				CODE_SIGN_STYLE = Automatic;
				DEVELOPMENT_TEAM = ZR4TQ435L4;
				INFOPLIST_FILE = BMICalcTests/Info.plist;
				LD_RUNPATH_SEARCH_PATHS = (
					"$(inherited)",
					"@executable_path/Frameworks",
					"@loader_path/Frameworks",
				);
				PRODUCT_BUNDLE_IDENTIFIER = IlyaZhdaney.BMICalcTests;
				PRODUCT_NAME = "$(TARGET_NAME)";
				SWIFT_VERSION = 5.0;
				TARGETED_DEVICE_FAMILY = "1,2";
				TEST_HOST = "$(BUILT_PRODUCTS_DIR)/BMICalc.app/BMICalc";
			};
			name = Release;
		};
		BBD96C97267E8AE0007F63BC /* Debug */ = {
			isa = XCBuildConfiguration;
			buildSettings = {
				ALWAYS_SEARCH_USER_PATHS = NO;
				CLANG_ANALYZER_NONNULL = YES;
				CLANG_ANALYZER_NUMBER_OBJECT_CONVERSION = YES_AGGRESSIVE;
				CLANG_CXX_LANGUAGE_STANDARD = "gnu++14";
				CLANG_CXX_LIBRARY = "libc++";
				CLANG_ENABLE_MODULES = YES;
				CLANG_ENABLE_OBJC_ARC = YES;
				CLANG_ENABLE_OBJC_WEAK = YES;
				CLANG_WARN_BLOCK_CAPTURE_AUTORELEASING = YES;
				CLANG_WARN_BOOL_CONVERSION = YES;
				CLANG_WARN_COMMA = YES;
				CLANG_WARN_CONSTANT_CONVERSION = YES;
				CLANG_WARN_DEPRECATED_OBJC_IMPLEMENTATIONS = YES;
				CLANG_WARN_DIRECT_OBJC_ISA_USAGE = YES_ERROR;
				CLANG_WARN_DOCUMENTATION_COMMENTS = YES;
				CLANG_WARN_EMPTY_BODY = YES;
				CLANG_WARN_ENUM_CONVERSION = YES;
				CLANG_WARN_INFINITE_RECURSION = YES;
				CLANG_WARN_INT_CONVERSION = YES;
				CLANG_WARN_NON_LITERAL_NULL_CONVERSION = YES;
				CLANG_WARN_OBJC_IMPLICIT_RETAIN_SELF = YES;
				CLANG_WARN_OBJC_LITERAL_CONVERSION = YES;
				CLANG_WARN_OBJC_ROOT_CLASS = YES_ERROR;
				CLANG_WARN_QUOTED_INCLUDE_IN_FRAMEWORK_HEADER = YES;
				CLANG_WARN_RANGE_LOOP_ANALYSIS = YES;
				CLANG_WARN_STRICT_PROTOTYPES = YES;
				CLANG_WARN_SUSPICIOUS_MOVE = YES;
				CLANG_WARN_UNGUARDED_AVAILABILITY = YES_AGGRESSIVE;
				CLANG_WARN_UNREACHABLE_CODE = YES;
				CLANG_WARN__DUPLICATE_METHOD_MATCH = YES;
				COPY_PHASE_STRIP = NO;
				DEBUG_INFORMATION_FORMAT = dwarf;
				ENABLE_STRICT_OBJC_MSGSEND = YES;
				ENABLE_TESTABILITY = YES;
				GCC_C_LANGUAGE_STANDARD = gnu11;
				GCC_DYNAMIC_NO_PIC = NO;
				GCC_NO_COMMON_BLOCKS = YES;
				GCC_OPTIMIZATION_LEVEL = 0;
				GCC_PREPROCESSOR_DEFINITIONS = (
					"DEBUG=1",
					"$(inherited)",
				);
				GCC_WARN_64_TO_32_BIT_CONVERSION = YES;
				GCC_WARN_ABOUT_RETURN_TYPE = YES_ERROR;
				GCC_WARN_UNDECLARED_SELECTOR = YES;
				GCC_WARN_UNINITIALIZED_AUTOS = YES_AGGRESSIVE;
				GCC_WARN_UNUSED_FUNCTION = YES;
				GCC_WARN_UNUSED_VARIABLE = YES;
				IPHONEOS_DEPLOYMENT_TARGET = 14.5;
				MTL_ENABLE_DEBUG_INFO = INCLUDE_SOURCE;
				MTL_FAST_MATH = YES;
				ONLY_ACTIVE_ARCH = YES;
				SDKROOT = iphoneos;
				SWIFT_ACTIVE_COMPILATION_CONDITIONS = DEBUG;
				SWIFT_OPTIMIZATION_LEVEL = "-Onone";
			};
			name = Debug;
		};
		BBD96C98267E8AE0007F63BC /* Release */ = {
			isa = XCBuildConfiguration;
			buildSettings = {
				ALWAYS_SEARCH_USER_PATHS = NO;
				CLANG_ANALYZER_NONNULL = YES;
				CLANG_ANALYZER_NUMBER_OBJECT_CONVERSION = YES_AGGRESSIVE;
				CLANG_CXX_LANGUAGE_STANDARD = "gnu++14";
				CLANG_CXX_LIBRARY = "libc++";
				CLANG_ENABLE_MODULES = YES;
				CLANG_ENABLE_OBJC_ARC = YES;
				CLANG_ENABLE_OBJC_WEAK = YES;
				CLANG_WARN_BLOCK_CAPTURE_AUTORELEASING = YES;
				CLANG_WARN_BOOL_CONVERSION = YES;
				CLANG_WARN_COMMA = YES;
				CLANG_WARN_CONSTANT_CONVERSION = YES;
				CLANG_WARN_DEPRECATED_OBJC_IMPLEMENTATIONS = YES;
				CLANG_WARN_DIRECT_OBJC_ISA_USAGE = YES_ERROR;
				CLANG_WARN_DOCUMENTATION_COMMENTS = YES;
				CLANG_WARN_EMPTY_BODY = YES;
				CLANG_WARN_ENUM_CONVERSION = YES;
				CLANG_WARN_INFINITE_RECURSION = YES;
				CLANG_WARN_INT_CONVERSION = YES;
				CLANG_WARN_NON_LITERAL_NULL_CONVERSION = YES;
				CLANG_WARN_OBJC_IMPLICIT_RETAIN_SELF = YES;
				CLANG_WARN_OBJC_LITERAL_CONVERSION = YES;
				CLANG_WARN_OBJC_ROOT_CLASS = YES_ERROR;
				CLANG_WARN_QUOTED_INCLUDE_IN_FRAMEWORK_HEADER = YES;
				CLANG_WARN_RANGE_LOOP_ANALYSIS = YES;
				CLANG_WARN_STRICT_PROTOTYPES = YES;
				CLANG_WARN_SUSPICIOUS_MOVE = YES;
				CLANG_WARN_UNGUARDED_AVAILABILITY = YES_AGGRESSIVE;
				CLANG_WARN_UNREACHABLE_CODE = YES;
				CLANG_WARN__DUPLICATE_METHOD_MATCH = YES;
				COPY_PHASE_STRIP = NO;
				DEBUG_INFORMATION_FORMAT = "dwarf-with-dsym";
				ENABLE_NS_ASSERTIONS = NO;
				ENABLE_STRICT_OBJC_MSGSEND = YES;
				GCC_C_LANGUAGE_STANDARD = gnu11;
				GCC_NO_COMMON_BLOCKS = YES;
				GCC_WARN_64_TO_32_BIT_CONVERSION = YES;
				GCC_WARN_ABOUT_RETURN_TYPE = YES_ERROR;
				GCC_WARN_UNDECLARED_SELECTOR = YES;
				GCC_WARN_UNINITIALIZED_AUTOS = YES_AGGRESSIVE;
				GCC_WARN_UNUSED_FUNCTION = YES;
				GCC_WARN_UNUSED_VARIABLE = YES;
				IPHONEOS_DEPLOYMENT_TARGET = 14.5;
				MTL_ENABLE_DEBUG_INFO = NO;
				MTL_FAST_MATH = YES;
				SDKROOT = iphoneos;
				SWIFT_COMPILATION_MODE = wholemodule;
				SWIFT_OPTIMIZATION_LEVEL = "-O";
				VALIDATE_PRODUCT = YES;
			};
			name = Release;
		};
		BBD96C9A267E8AE0007F63BC /* Debug */ = {
			isa = XCBuildConfiguration;
			buildSettings = {
				ASSETCATALOG_COMPILER_APPICON_NAME = AppIcon;
				ASSETCATALOG_COMPILER_GLOBAL_ACCENT_COLOR_NAME = AccentColor;
				CODE_SIGN_STYLE = Automatic;
				DEVELOPMENT_TEAM = ZR4TQ435L4;
				INFOPLIST_FILE = BMICalc/Info.plist;
				IPHONEOS_DEPLOYMENT_TARGET = 11.0;
				LD_RUNPATH_SEARCH_PATHS = (
					"$(inherited)",
					"@executable_path/Frameworks",
				);
				PRODUCT_BUNDLE_IDENTIFIER = IlyaZhdaney.BMICalc;
				PRODUCT_NAME = "$(TARGET_NAME)";
				SWIFT_VERSION = 5.0;
				TARGETED_DEVICE_FAMILY = 1;
			};
			name = Debug;
		};
		BBD96C9B267E8AE0007F63BC /* Release */ = {
			isa = XCBuildConfiguration;
			buildSettings = {
				ASSETCATALOG_COMPILER_APPICON_NAME = AppIcon;
				ASSETCATALOG_COMPILER_GLOBAL_ACCENT_COLOR_NAME = AccentColor;
				CODE_SIGN_STYLE = Automatic;
				DEVELOPMENT_TEAM = ZR4TQ435L4;
				INFOPLIST_FILE = BMICalc/Info.plist;
				IPHONEOS_DEPLOYMENT_TARGET = 11.0;
				LD_RUNPATH_SEARCH_PATHS = (
					"$(inherited)",
					"@executable_path/Frameworks",
				);
				PRODUCT_BUNDLE_IDENTIFIER = IlyaZhdaney.BMICalc;
				PRODUCT_NAME = "$(TARGET_NAME)";
				SWIFT_VERSION = 5.0;
				TARGETED_DEVICE_FAMILY = 1;
			};
			name = Release;
		};
/* End XCBuildConfiguration section */

/* Begin XCConfigurationList section */
		BB70B2EA267FB52500139EA9 /* Build configuration list for PBXNativeTarget "BMICalcTests" */ = {
			isa = XCConfigurationList;
			buildConfigurations = (
				BB70B2E8267FB52500139EA9 /* Debug */,
				BB70B2E9267FB52500139EA9 /* Release */,
			);
			defaultConfigurationIsVisible = 0;
			defaultConfigurationName = Release;
		};
		BBD96C80267E8ADF007F63BC /* Build configuration list for PBXProject "BMICalc" */ = {
			isa = XCConfigurationList;
			buildConfigurations = (
				BBD96C97267E8AE0007F63BC /* Debug */,
				BBD96C98267E8AE0007F63BC /* Release */,
			);
			defaultConfigurationIsVisible = 0;
			defaultConfigurationName = Release;
		};
		BBD96C99267E8AE0007F63BC /* Build configuration list for PBXNativeTarget "BMICalc" */ = {
			isa = XCConfigurationList;
			buildConfigurations = (
				BBD96C9A267E8AE0007F63BC /* Debug */,
				BBD96C9B267E8AE0007F63BC /* Release */,
			);
			defaultConfigurationIsVisible = 0;
			defaultConfigurationName = Release;
		};
/* End XCConfigurationList section */
	};
	rootObject = BBD96C7D267E8ADF007F63BC /* Project object */;
}
